
Microsoft Visual Studio Solution File, Format Version 12.00
# Visual Studio Version 17
VisualStudioVersion = 17.0.31903.59
MinimumVisualStudioVersion = 10.0.40219.1
Project("{2150E333-8FDC-42A3-9474-1A3956D46DE8}") = "src", "src", "{827E0CD3-B72D-47B6-A68D-7590B98EB39B}"
EndProject
Project("{FAE04EC0-301F-11D3-BF4B-00C04F79EFBC}") = "XcordTopo.Shared", "src\XcordTopo.Shared\XcordTopo.Shared.csproj", "{EF8E4391-AE74-4DA0-BE9E-08DD0CFEE942}"
EndProject
Project("{FAE04EC0-301F-11D3-BF4B-00C04F79EFBC}") = "XcordTopo.Infrastructure", "src\XcordTopo.Infrastructure\XcordTopo.Infrastructure.csproj", "{8DB5C3F3-767D-4A28-9862-542DD4F3A441}"
EndProject
Project("{FAE04EC0-301F-11D3-BF4B-00C04F79EFBC}") = "XcordTopo.Features", "src\XcordTopo.Features\XcordTopo.Features.csproj", "{CE5B8301-9459-4869-9BE3-27699C56363B}"
EndProject
Project("{FAE04EC0-301F-11D3-BF4B-00C04F79EFBC}") = "XcordTopo.Api", "src\XcordTopo.Api\XcordTopo.Api.csproj", "{2A2999D4-54DF-4099-A667-AB6E8557EA02}"
EndProject
Project("{2150E333-8FDC-42A3-9474-1A3956D46DE8}") = "tests", "tests", "{0AB3BF05-4346-4AA6-1389-037BE0695223}"
EndProject
Project("{FAE04EC0-301F-11D3-BF4B-00C04F79EFBC}") = "XcordTopo.Tests.Unit", "tests\XcordTopo.Tests.Unit\XcordTopo.Tests.Unit.csproj", "{455713A6-231F-431F-BD89-776DE4D0E2D1}"
EndProject
Project("{FAE04EC0-301F-11D3-BF4B-00C04F79EFBC}") = "XcordTopo.Tests.Architecture", "tests\XcordTopo.Tests.Architecture\XcordTopo.Tests.Architecture.csproj", "{0A16225F-7190-4E57-9BFD-40442AE563A9}"
EndProject
Global
	GlobalSection(SolutionConfigurationPlatforms) = preSolution
		Debug|Any CPU = Debug|Any CPU
		Debug|x64 = Debug|x64
		Debug|x86 = Debug|x86
		Release|Any CPU = Release|Any CPU
		Release|x64 = Release|x64
		Release|x86 = Release|x86
	EndGlobalSection
	GlobalSection(ProjectConfigurationPlatforms) = postSolution
		{EF8E4391-AE74-4DA0-BE9E-08DD0CFEE942}.Debug|Any CPU.ActiveCfg = Debug|Any CPU
		{EF8E4391-AE74-4DA0-BE9E-08DD0CFEE942}.Debug|Any CPU.Build.0 = Debug|Any CPU
		{EF8E4391-AE74-4DA0-BE9E-08DD0CFEE942}.Debug|x64.ActiveCfg = Debug|Any CPU
		{EF8E4391-AE74-4DA0-BE9E-08DD0CFEE942}.Debug|x64.Build.0 = Debug|Any CPU
		{EF8E4391-AE74-4DA0-BE9E-08DD0CFEE942}.Debug|x86.ActiveCfg = Debug|Any CPU
		{EF8E4391-AE74-4DA0-BE9E-08DD0CFEE942}.Debug|x86.Build.0 = Debug|Any CPU
		{EF8E4391-AE74-4DA0-BE9E-08DD0CFEE942}.Release|Any CPU.ActiveCfg = Release|Any CPU
		{EF8E4391-AE74-4DA0-BE9E-08DD0CFEE942}.Release|Any CPU.Build.0 = Release|Any CPU
		{EF8E4391-AE74-4DA0-BE9E-08DD0CFEE942}.Release|x64.ActiveCfg = Release|Any CPU
		{EF8E4391-AE74-4DA0-BE9E-08DD0CFEE942}.Release|x64.Build.0 = Release|Any CPU
		{EF8E4391-AE74-4DA0-BE9E-08DD0CFEE942}.Release|x86.ActiveCfg = Release|Any CPU
		{EF8E4391-AE74-4DA0-BE9E-08DD0CFEE942}.Release|x86.Build.0 = Release|Any CPU
		{8DB5C3F3-767D-4A28-9862-542DD4F3A441}.Debug|Any CPU.ActiveCfg = Debug|Any CPU
		{8DB5C3F3-767D-4A28-9862-542DD4F3A441}.Debug|Any CPU.Build.0 = Debug|Any CPU
		{8DB5C3F3-767D-4A28-9862-542DD4F3A441}.Debug|x64.ActiveCfg = Debug|Any CPU
		{8DB5C3F3-767D-4A28-9862-542DD4F3A441}.Debug|x64.Build.0 = Debug|Any CPU
		{8DB5C3F3-767D-4A28-9862-542DD4F3A441}.Debug|x86.ActiveCfg = Debug|Any CPU
		{8DB5C3F3-767D-4A28-9862-542DD4F3A441}.Debug|x86.Build.0 = Debug|Any CPU
		{8DB5C3F3-767D-4A28-9862-542DD4F3A441}.Release|Any CPU.ActiveCfg = Release|Any CPU
		{8DB5C3F3-767D-4A28-9862-542DD4F3A441}.Release|Any CPU.Build.0 = Release|Any CPU
		{8DB5C3F3-767D-4A28-9862-542DD4F3A441}.Release|x64.ActiveCfg = Release|Any CPU
		{8DB5C3F3-767D-4A28-9862-542DD4F3A441}.Release|x64.Build.0 = Release|Any CPU
		{8DB5C3F3-767D-4A28-9862-542DD4F3A441}.Release|x86.ActiveCfg = Release|Any CPU
		{8DB5C3F3-767D-4A28-9862-542DD4F3A441}.Release|x86.Build.0 = Release|Any CPU
		{CE5B8301-9459-4869-9BE3-27699C56363B}.Debug|Any CPU.ActiveCfg = Debug|Any CPU
		{CE5B8301-9459-4869-9BE3-27699C56363B}.Debug|Any CPU.Build.0 = Debug|Any CPU
		{CE5B8301-9459-4869-9BE3-27699C56363B}.Debug|x64.ActiveCfg = Debug|Any CPU
		{CE5B8301-9459-4869-9BE3-27699C56363B}.Debug|x64.Build.0 = Debug|Any CPU
		{CE5B8301-9459-4869-9BE3-27699C56363B}.Debug|x86.ActiveCfg = Debug|Any CPU
		{CE5B8301-9459-4869-9BE3-27699C56363B}.Debug|x86.Build.0 = Debug|Any CPU
		{CE5B8301-9459-4869-9BE3-27699C56363B}.Release|Any CPU.ActiveCfg = Release|Any CPU
		{CE5B8301-9459-4869-9BE3-27699C56363B}.Release|Any CPU.Build.0 = Release|Any CPU
		{CE5B8301-9459-4869-9BE3-27699C56363B}.Release|x64.ActiveCfg = Release|Any CPU
		{CE5B8301-9459-4869-9BE3-27699C56363B}.Release|x64.Build.0 = Release|Any CPU
		{CE5B8301-9459-4869-9BE3-27699C56363B}.Release|x86.ActiveCfg = Release|Any CPU
		{CE5B8301-9459-4869-9BE3-27699C56363B}.Release|x86.Build.0 = Release|Any CPU
		{2A2999D4-54DF-4099-A667-AB6E8557EA02}.Debug|Any CPU.ActiveCfg = Debug|Any CPU
		{2A2999D4-54DF-4099-A667-AB6E8557EA02}.Debug|Any CPU.Build.0 = Debug|Any CPU
		{2A2999D4-54DF-4099-A667-AB6E8557EA02}.Debug|x64.ActiveCfg = Debug|Any CPU
		{2A2999D4-54DF-4099-A667-AB6E8557EA02}.Debug|x64.Build.0 = Debug|Any CPU
		{2A2999D4-54DF-4099-A667-AB6E8557EA02}.Debug|x86.ActiveCfg = Debug|Any CPU
		{2A2999D4-54DF-4099-A667-AB6E8557EA02}.Debug|x86.Build.0 = Debug|Any CPU
		{2A2999D4-54DF-4099-A667-AB6E8557EA02}.Release|Any CPU.ActiveCfg = Release|Any CPU
		{2A2999D4-54DF-4099-A667-AB6E8557EA02}.Release|Any CPU.Build.0 = Release|Any CPU
		{2A2999D4-54DF-4099-A667-AB6E8557EA02}.Release|x64.ActiveCfg = Release|Any CPU
		{2A2999D4-54DF-4099-A667-AB6E8557EA02}.Release|x64.Build.0 = Release|Any CPU
		{2A2999D4-54DF-4099-A667-AB6E8557EA02}.Release|x86.ActiveCfg = Release|Any CPU
		{2A2999D4-54DF-4099-A667-AB6E8557EA02}.Release|x86.Build.0 = Release|Any CPU
		{455713A6-231F-431F-BD89-776DE4D0E2D1}.Debug|Any CPU.ActiveCfg = Debug|Any CPU
		{455713A6-231F-431F-BD89-776DE4D0E2D1}.Debug|Any CPU.Build.0 = Debug|Any CPU
		{455713A6-231F-431F-BD89-776DE4D0E2D1}.Debug|x64.ActiveCfg = Debug|Any CPU
		{455713A6-231F-431F-BD89-776DE4D0E2D1}.Debug|x64.Build.0 = Debug|Any CPU
		{455713A6-231F-431F-BD89-776DE4D0E2D1}.Debug|x86.ActiveCfg = Debug|Any CPU
		{455713A6-231F-431F-BD89-776DE4D0E2D1}.Debug|x86.Build.0 = Debug|Any CPU
		{455713A6-231F-431F-BD89-776DE4D0E2D1}.Release|Any CPU.ActiveCfg = Release|Any CPU
		{455713A6-231F-431F-BD89-776DE4D0E2D1}.Release|Any CPU.Build.0 = Release|Any CPU
		{455713A6-231F-431F-BD89-776DE4D0E2D1}.Release|x64.ActiveCfg = Release|Any CPU
		{455713A6-231F-431F-BD89-776DE4D0E2D1}.Release|x64.Build.0 = Release|Any CPU
		{455713A6-231F-431F-BD89-776DE4D0E2D1}.Release|x86.ActiveCfg = Release|Any CPU
		{455713A6-231F-431F-BD89-776DE4D0E2D1}.Release|x86.Build.0 = Release|Any CPU
		{0A16225F-7190-4E57-9BFD-40442AE563A9}.Debug|Any CPU.ActiveCfg = Debug|Any CPU
		{0A16225F-7190-4E57-9BFD-40442AE563A9}.Debug|Any CPU.Build.0 = Debug|Any CPU
		{0A16225F-7190-4E57-9BFD-40442AE563A9}.Debug|x64.ActiveCfg = Debug|Any CPU
		{0A16225F-7190-4E57-9BFD-40442AE563A9}.Debug|x64.Build.0 = Debug|Any CPU
		{0A16225F-7190-4E57-9BFD-40442AE563A9}.Debug|x86.ActiveCfg = Debug|Any CPU
		{0A16225F-7190-4E57-9BFD-40442AE563A9}.Debug|x86.Build.0 = Debug|Any CPU
		{0A16225F-7190-4E57-9BFD-40442AE563A9}.Release|Any CPU.ActiveCfg = Release|Any CPU
		{0A16225F-7190-4E57-9BFD-40442AE563A9}.Release|Any CPU.Build.0 = Release|Any CPU
		{0A16225F-7190-4E57-9BFD-40442AE563A9}.Release|x64.ActiveCfg = Release|Any CPU
		{0A16225F-7190-4E57-9BFD-40442AE563A9}.Release|x64.Build.0 = Release|Any CPU
		{0A16225F-7190-4E57-9BFD-40442AE563A9}.Release|x86.ActiveCfg = Release|Any CPU
		{0A16225F-7190-4E57-9BFD-40442AE563A9}.Release|x86.Build.0 = Release|Any CPU
	EndGlobalSection
	GlobalSection(SolutionProperties) = preSolution
		HideSolutionNode = FALSE
	EndGlobalSection
	GlobalSection(NestedProjects) = preSolution
		{EF8E4391-AE74-4DA0-BE9E-08DD0CFEE942} = {827E0CD3-B72D-47B6-A68D-7590B98EB39B}
		{8DB5C3F3-767D-4A28-9862-542DD4F3A441} = {827E0CD3-B72D-47B6-A68D-7590B98EB39B}
		{CE5B8301-9459-4869-9BE3-27699C56363B} = {827E0CD3-B72D-47B6-A68D-7590B98EB39B}
		{2A2999D4-54DF-4099-A667-AB6E8557EA02} = {827E0CD3-B72D-47B6-A68D-7590B98EB39B}
		{455713A6-231F-431F-BD89-776DE4D0E2D1} = {0AB3BF05-4346-4AA6-1389-037BE0695223}
		{0A16225F-7190-4E57-9BFD-40442AE563A9} = {0AB3BF05-4346-4AA6-1389-037BE0695223}
	EndGlobalSection
EndGlobal
